{
    "name": "ionic-query-interface",
    "version": "0.0.1",
    "lockfileVersion": 1,
    "requires": true,
    "dependencies": {
        "@angular/core": {
            "version": "5.2.9",
            "resolved": "https://registry.npmjs.org/@angular/core/-/core-5.2.9.tgz",
            "integrity": "sha512-cvHBJGtasrIoARvbLFyHaOsiWKVwMNrrSTZLwrlyHP8oYzkDrE0qKGer6QCqyKt+51hF53cgWEffGzM/u/0wYg==",
            "requires": {
                "tslib": "1.9.0"
            }
        },
        "@ionic-native/sqlite": {
            "version": "4.6.0",
            "resolved": "https://registry.npmjs.org/@ionic-native/sqlite/-/sqlite-4.6.0.tgz",
            "integrity": "sha512-ISQrTWMuJ6hHaS4YJiDj9iYR7+fN8U+cMJ29HjZoxosfuko1mtBwlqAVp+/esiPBOL+nFWU3aD0FL37B/HDfjg=="
        },
        "@types/es6-promise": {
            "version": "3.3.0",
            "resolved": "https://registry.npmjs.org/@types/es6-promise/-/es6-promise-3.3.0.tgz",
            "integrity": "sha512-ixCIAEkLUKv9movnHKCzx2rzAJgEnSALDXPrOSSwOjWwXFs0ssSZKan+O2e3FExPPCbX+DfA9NcKsbvLuyUlNA==",
            "requires": {
                "es6-promise": "4.2.4"
            }
        },
        "es6-promise": {
            "version": "4.2.4",
            "resolved": "https://registry.npmjs.org/es6-promise/-/es6-promise-4.2.4.tgz",
            "integrity": "sha512-/NdNZVJg+uZgtm9eS3O6lrOLYmQag2DjdEXuPaHlZ6RuVqgqaVZfgYCepEIKsLqwdQArOPtC3XzRLqGGfT8KQQ=="
        },
        "ionic-angular": {
            "version": "3.9.2",
            "resolved": "https://registry.npmjs.org/ionic-angular/-/ionic-angular-3.9.2.tgz",
            "integrity": "sha512-BEZ6magY1i5GwM9ki/MOpszUz62+g518HsGICtw9TE1D4v9Eb6n/o7e+X0vtvpK4TdouFjQ8r5XA9VPAKW9/+Q=="
        },
        "tslib": {
            "version": "1.9.0",
            "resolved": "https://registry.npmjs.org/tslib/-/tslib-1.9.0.tgz",
            "integrity": "sha512-f/qGG2tUkrISBlQZEjEqoZ3B2+npJjIf04H1wuAv9iA8i04Icp+61KRXxFdha22670NJopsZCIjhC3SnjPRKrQ=="
        }
    }
}
