{
    "name": "ionic-query-interface",
    "version": "0.1.4",
    "lockfileVersion": 1,
    "requires": true,
    "dependencies": {
        "@angular/common": {
            "version": "8.2.7",
            "resolved": "https://registry.npmjs.org/@angular/common/-/common-8.2.7.tgz",
            "integrity": "sha512-Hopy7Mepx7S7oGsXfxOsC3/MkeQRlaeQtJxd+Gh/KFyN4o52cqJOWTQOKKKzHRkaotCTHHblebOpR64h7k5YJg==",
            "dev": true,
            "requires": {
                "tslib": "^1.9.0"
            }
        },
        "@angular/core": {
            "version": "10.2.5",
            "resolved": "https://registry.npmjs.org/@angular/core/-/core-10.2.5.tgz",
            "integrity": "sha512-krhOKNTj5XE92Rk9ASX5KmgTF72j7qT2PLVxrGEVjuUKjBY2XaK3TV0Kotq9zI3qa9WgeCrP/Njn6jlKQCCAEQ==",
            "requires": {
                "tslib": "^2.0.0"
            },
            "dependencies": {
                "tslib": {
                    "version": "2.6.2",
                    "resolved": "https://registry.npmjs.org/tslib/-/tslib-2.6.2.tgz",
                    "integrity": "sha512-AEYxH93jGFPn/a2iVAwW87VuUIkR1FVUKB77NwMF7nBTDkDrrT/Hpt/IrCJ0QXhW27jTBDcf5ZY7w6RiqTMw2Q=="
                }
            }
        },
        "@angular/forms": {
            "version": "8.2.7",
            "resolved": "https://registry.npmjs.org/@angular/forms/-/forms-8.2.7.tgz",
            "integrity": "sha512-9RN4xVlZTPm7bJvz3g7VUJ1WK2SPdvr4SHrbxYK/H87KlB9RY3DSETEgmWMgt8d4q9u+IRIKv4EfRs3qkZzvyQ==",
            "dev": true,
            "requires": {
                "tslib": "^1.9.0"
            }
        },
        "@angular/platform-browser": {
            "version": "8.2.7",
            "resolved": "https://registry.npmjs.org/@angular/platform-browser/-/platform-browser-8.2.7.tgz",
            "integrity": "sha512-NJTv/02xOWHuLIdrdt+UWb4qRNyd7FqR/ADC4TZQWS1zPxQyEVOsdXfwtDdC01UEDsKeVwp/CV4nmNdPIFynAw==",
            "dev": true,
            "requires": {
                "tslib": "^1.9.0"
            }
        },
        "@angular/router": {
            "version": "8.2.7",
            "resolved": "https://registry.npmjs.org/@angular/router/-/router-8.2.7.tgz",
            "integrity": "sha512-nqTr7N0eomlcV9epX5M8J6Q1pUYR+E/MRYRbme/HgUwfVHd1dawgwVWktKJz3cf16OJJxPMFroN8p4XGS669Ew==",
            "dev": true,
            "requires": {
                "tslib": "^1.9.0"
            }
        },
        "@ionic-native/core": {
            "version": "5.4.0",
            "resolved": "https://registry.npmjs.org/@ionic-native/core/-/core-5.4.0.tgz",
            "integrity": "sha512-GSrwIcOqGq9a7axYGVDPvIS0FoBRPNIC6b4RkcC0rcvjbIDebgZG7zsZ2x6mhe4HC7fTUV2y8qBO8timMHv3oA==",
            "dev": true,
            "requires": {
                "@types/cordova": "^0.0.34"
            }
        },
        "@ionic-native/sqlite": {
            "version": "5.14.0",
            "resolved": "https://registry.npmjs.org/@ionic-native/sqlite/-/sqlite-5.14.0.tgz",
            "integrity": "sha512-acpwd5Msd2U79R/UJfWv4pOVdsm6EQwIBqT9cMhNXPOfEn67Qrc0yAnfBQuljfmqvH+mOLv0IdyjKbOXMPFp6w==",
            "requires": {
                "@types/cordova": "^0.0.34"
            },
            "dependencies": {
                "@types/cordova": {
                    "version": "0.0.34",
                    "resolved": "https://registry.npmjs.org/@types/cordova/-/cordova-0.0.34.tgz",
                    "integrity": "sha1-6nrd907Ow9dimCegw54smt3HPQQ="
                }
            }
        },
        "@ionic/angular": {
            "version": "4.9.1",
            "resolved": "https://registry.npmjs.org/@ionic/angular/-/angular-4.9.1.tgz",
            "integrity": "sha512-YmWhFLZ+W3OKLH88/GVWOq49pIzMggVIbFEVytBz8i6WcB73ocPhWC12QCvLPKZsMCgDdmQj61Ph4L7V8tCwxA==",
            "requires": {
                "@ionic/core": "4.9.1",
                "tslib": "^1.9.3"
            }
        },
        "@ionic/core": {
            "version": "4.9.1",
            "resolved": "https://registry.npmjs.org/@ionic/core/-/core-4.9.1.tgz",
            "integrity": "sha512-m6wlO6/vP4xL3xd8ZGl9lNbmiiMs6I7d33Y13pS65f5EOUC7Fc0+qEEEWtQZc4EGQdB/pmIHlgd8o7MZvV/SXA==",
            "requires": {
                "ionicons": "^4.6.3",
                "tslib": "^1.10.0"
            }
        },
        "@types/cordova": {
            "version": "0.0.34",
            "resolved": "https://registry.npmjs.org/@types/cordova/-/cordova-0.0.34.tgz",
            "integrity": "sha1-6nrd907Ow9dimCegw54smt3HPQQ=",
            "dev": true
        },
        "ionicons": {
            "version": "4.6.3",
            "resolved": "https://registry.npmjs.org/ionicons/-/ionicons-4.6.3.tgz",
            "integrity": "sha512-cgP+VIr2cTJpMfFyVHTerq6n2jeoiGboVoe3GlaAo5zoSBDAEXORwUZhv6m+lCyxlsHCS3nqPUE+MKyZU71t8Q=="
        },
        "rxjs": {
            "version": "6.5.3",
            "resolved": "https://registry.npmjs.org/rxjs/-/rxjs-6.5.3.tgz",
            "integrity": "sha512-wuYsAYYFdWTAnAaPoKGNhfpWwKZbJW+HgAJ+mImp+Epl7BG8oNWBCTyRM8gba9k4lk8BgWdoYm21Mo/RYhhbgA==",
            "dev": true,
            "requires": {
                "tslib": "^1.9.0"
            }
        },
        "tslib": {
            "version": "1.10.0",
            "resolved": "https://registry.npmjs.org/tslib/-/tslib-1.10.0.tgz",
            "integrity": "sha512-qOebF53frne81cf0S9B41ByenJ3/IuH8yJKngAX35CmiZySA0khhkovshKK+jGCaMnVomla7gVlIcc3EvKPbTQ=="
        },
        "zone.js": {
            "version": "0.10.2",
            "resolved": "https://registry.npmjs.org/zone.js/-/zone.js-0.10.2.tgz",
            "integrity": "sha512-UAYfiuvxLN4oyuqhJwd21Uxb4CNawrq6fPS/05Su5L4G+1TN+HVDJMUHNMobVQDFJRir2cLAODXwluaOKB7HFg==",
            "dev": true
        }
    }
}
