{
    "name": "ionic-query-interface",
    "version": "0.1.1",
    "lockfileVersion": 1,
    "requires": true,
    "dependencies": {
        "@angular/common": {
            "version": "6.1.4",
            "resolved": "https://registry.npmjs.org/@angular/common/-/common-6.1.4.tgz",
            "integrity": "sha512-vpedSD5Rbuj9kLq9W/aeQBVugplimTJPPeuW/zUXHWVOOOk4Y7KBw5g4JdYw2ocSoY3z+dRl/6fR0JTi9+muaA==",
            "dev": true,
            "requires": {
                "tslib": "^1.9.0"
            }
        },
        "@angular/core": {
            "version": "6.1.4",
            "resolved": "https://registry.npmjs.org/@angular/core/-/core-6.1.4.tgz",
            "integrity": "sha512-8r2LpD4MR0hAYjWkElD/I6iXcugMK/HrpdtopDlRcxW2f6XuMN4mu8eS3g2fu72PwdGhtMcqDDFlbeJ8k599lw==",
            "requires": {
                "tslib": "^1.9.0"
            }
        },
        "@angular/forms": {
            "version": "6.1.4",
            "resolved": "https://registry.npmjs.org/@angular/forms/-/forms-6.1.4.tgz",
            "integrity": "sha512-O/rYF36zM15fbXPv4Tj7NlYiCazko6+Eb4o9Ls0nJXMOxt8pRwdYjgGMaOtYprtbH89YlnmJU/gav5Z58JG7sw==",
            "dev": true,
            "requires": {
                "tslib": "^1.9.0"
            }
        },
        "@angular/platform-browser": {
            "version": "6.1.4",
            "resolved": "https://registry.npmjs.org/@angular/platform-browser/-/platform-browser-6.1.4.tgz",
            "integrity": "sha512-46UPtC360+3E4eeOQk45qp+r+d0Qnsujyot+XtVKQmTSHTInDlwfIGA9TBTw8GyAs3O65i80LRkDHFz9BM2pmw==",
            "dev": true,
            "requires": {
                "tslib": "^1.9.0"
            }
        },
        "@angular/router": {
            "version": "6.1.4",
            "resolved": "https://registry.npmjs.org/@angular/router/-/router-6.1.4.tgz",
            "integrity": "sha512-ANdJmpPkr4BMW3/ixJ/qSbsQk4CwR3BPDJp3Iua/xLy7i+9h0bcs11Lpdyo5U3esPYpcpc6TE3ofptyD6xpyGg==",
            "dev": true,
            "requires": {
                "tslib": "^1.9.0"
            }
        },
        "@ionic-native/core": {
            "version": "5.0.0-beta.15",
            "resolved": "https://registry.npmjs.org/@ionic-native/core/-/core-5.0.0-beta.15.tgz",
            "integrity": "sha512-71Fiy/UlchvjkWpRaZ90E9hrrf+v/x+CCl6JPGg3nLGYqrVtja5xJCU0jVsGQMrYdgfcwK9d1KLC/3GPvOQK1w==",
            "dev": true,
            "requires": {
                "@types/cordova": "^0.0.34"
            }
        },
        "@ionic-native/sqlite": {
            "version": "4.12.0",
            "resolved": "https://registry.npmjs.org/@ionic-native/sqlite/-/sqlite-4.12.0.tgz",
            "integrity": "sha512-DRmp6M2ZDADk850GO8xR1SYaJZeZgMMawZb2DRaqvT+PJK1PdP2iHaGyNyEaDTYnFYi3FcDQouwfOhsBIQin+g=="
        },
        "@ionic/angular": {
            "version": "4.0.0-beta.5",
            "resolved": "https://registry.npmjs.org/@ionic/angular/-/angular-4.0.0-beta.5.tgz",
            "integrity": "sha512-M12Z+xAjnY94e7PxIOK+CqzUHMF5W/Qw03G5sH/eSK7cyPa+rC49VlE3ZPLIdUK25wkxUK6TVDONbsSMflA5lA==",
            "requires": {
                "@ionic/core": "4.0.0-beta.5"
            }
        },
        "@ionic/core": {
            "version": "4.0.0-beta.5",
            "resolved": "https://registry.npmjs.org/@ionic/core/-/core-4.0.0-beta.5.tgz",
            "integrity": "sha512-yMNLSsWzrktvi+ICCeYiXM10IonG02ywMLu1evXo5iqYQJ77vwaBrqZ7jUPtcezViWPyDY5MqPoBk3nWLqhv1g==",
            "requires": {
                "ionicons": "4.4.3"
            }
        },
        "@types/cordova": {
            "version": "0.0.34",
            "resolved": "https://registry.npmjs.org/@types/cordova/-/cordova-0.0.34.tgz",
            "integrity": "sha1-6nrd907Ow9dimCegw54smt3HPQQ=",
            "dev": true
        },
        "ionicons": {
            "version": "4.4.3",
            "resolved": "https://registry.npmjs.org/ionicons/-/ionicons-4.4.3.tgz",
            "integrity": "sha512-Ys6km6g3l/Q1BVt8HJvF3CC1HcC3JENOMwwblt6Yfer/xb4+ANtWjWN5eo9lQaXubKXSWIacdcXuaA/8hv8bQQ=="
        },
        "rxjs": {
            "version": "6.2.2",
            "resolved": "https://registry.npmjs.org/rxjs/-/rxjs-6.2.2.tgz",
            "integrity": "sha512-0MI8+mkKAXZUF9vMrEoPnaoHkfzBPP4IGwUYRJhIRJF6/w3uByO1e91bEHn8zd43RdkTMKiooYKmwz7RH6zfOQ==",
            "dev": true,
            "requires": {
                "tslib": "^1.9.0"
            }
        },
        "tslib": {
            "version": "1.9.3",
            "resolved": "https://registry.npmjs.org/tslib/-/tslib-1.9.3.tgz",
            "integrity": "sha512-4krF8scpejhaOgqzBEcGM7yDIEfi0/8+8zDRZhNZZ2kjmHJ4hv3zCbQWxoJGz1iw5U0Jl0nma13xzHXcncMavQ=="
        },
        "zone.js": {
            "version": "0.8.26",
            "resolved": "https://registry.npmjs.org/zone.js/-/zone.js-0.8.26.tgz",
            "integrity": "sha512-W9Nj+UmBJG251wkCacIkETgra4QgBo/vgoEkb4a2uoLzpQG7qF9nzwoLXWU5xj3Fg2mxGvEDh47mg24vXccYjA==",
            "dev": true
        }
    }
}
